
Microsoft Visual Studio Solution File, Format Version 12.00
# Visual Studio Version 17
VisualStudioVersion = 17.1.32421.90
MinimumVisualStudioVersion = 10.0.40219.1
Project("{8BC9CEB8-8B4A-11D0-8D11-00A0C91BC942}") = "作业讲解11", "作业讲解11\作业讲解11.vcxproj", "{48E895B7-0089-4DD3-9FD1-02B47C0784BF}"
EndProject
Global
	GlobalSection(SolutionConfigurationPlatforms) = preSolution
		Debug|x64 = Debug|x64
		Debug|x86 = Debug|x86
		Release|x64 = Release|x64
		Release|x86 = Release|x86
	EndGlobalSection
	GlobalSection(ProjectConfigurationPlatforms) = postSolution
		{48E895B7-0089-4DD3-9FD1-02B47C0784BF}.Debug|x64.ActiveCfg = Debug|x64
		{48E895B7-0089-4DD3-9FD1-02B47C0784BF}.Debug|x64.Build.0 = Debug|x64
		{48E895B7-0089-4DD3-9FD1-02B47C0784BF}.Debug|x86.ActiveCfg = Debug|Win32
		{48E895B7-0089-4DD3-9FD1-02B47C0784BF}.Debug|x86.Build.0 = Debug|Win32
		{48E895B7-0089-4DD3-9FD1-02B47C0784BF}.Release|x64.ActiveCfg = Release|x64
		{48E895B7-0089-4DD3-9FD1-02B47C0784BF}.Release|x64.Build.0 = Release|x64
		{48E895B7-0089-4DD3-9FD1-02B47C0784BF}.Release|x86.ActiveCfg = Release|Win32
		{48E895B7-0089-4DD3-9FD1-02B47C0784BF}.Release|x86.Build.0 = Release|Win32
	EndGlobalSection
	GlobalSection(SolutionProperties) = preSolution
		HideSolutionNode = FALSE
	EndGlobalSection
	GlobalSection(ExtensibilityGlobals) = postSolution
		SolutionGuid = {D9A2D70D-D3EF-42CB-BE3F-2D9C333C613E}
	EndGlobalSection
EndGlobal
